
Microsoft Visual Studio Solution File, Format Version 12.00
# Visual Studio Version 17
VisualStudioVersion = 17.0.32014.148
MinimumVisualStudioVersion = 10.0.40219.1
Project("{FAE04EC0-301F-11D3-BF4B-00C04F79EFBC}") = "projet", "projet\projet.csproj", "{1EEB7E1C-10BD-43DE-A59C-E2B000A1A429}"
EndProject
Global
	GlobalSection(SolutionConfigurationPlatforms) = preSolution
		Debug|Any CPU = Debug|Any CPU
		Release|Any CPU = Release|Any CPU
	EndGlobalSection
	GlobalSection(ProjectConfigurationPlatforms) = postSolution
		{1EEB7E1C-10BD-43DE-A59C-E2B000A1A429}.Debug|Any CPU.ActiveCfg = Debug|Any CPU
		{1EEB7E1C-10BD-43DE-A59C-E2B000A1A429}.Debug|Any CPU.Build.0 = Debug|Any CPU
		{1EEB7E1C-10BD-43DE-A59C-E2B000A1A429}.Release|Any CPU.ActiveCfg = Release|Any CPU
		{1EEB7E1C-10BD-43DE-A59C-E2B000A1A429}.Release|Any CPU.Build.0 = Release|Any CPU
	EndGlobalSection
	GlobalSection(SolutionProperties) = preSolution
		HideSolutionNode = FALSE
	EndGlobalSection
	GlobalSection(ExtensibilityGlobals) = postSolution
		SolutionGuid = {8D7CAC5E-7C35-484A-924F-4DF94554245E}
	EndGlobalSection
EndGlobal
